
Microsoft Visual Studio Solution File, Format Version 12.00
# Visual Studio Version 17
VisualStudioVersion = 17.14.37216.2 d17.14
MinimumVisualStudioVersion = 10.0.40219.1
Project("{FAE04EC0-301F-11D3-BF4B-00C04F79EFBC}") = "VideotecaAPI", "VideotecaAPI.csproj", "{E9A62DAC-F366-42B6-9991-AF5B55F6F590}"
EndProject
Global
	GlobalSection(SolutionConfigurationPlatforms) = preSolution
		Debug|Any CPU = Debug|Any CPU
		Release|Any CPU = Release|Any CPU
	EndGlobalSection
	GlobalSection(ProjectConfigurationPlatforms) = postSolution
		{E9A62DAC-F366-42B6-9991-AF5B55F6F590}.Debug|Any CPU.ActiveCfg = Debug|Any CPU
		{E9A62DAC-F366-42B6-9991-AF5B55F6F590}.Debug|Any CPU.Build.0 = Debug|Any CPU
		{E9A62DAC-F366-42B6-9991-AF5B55F6F590}.Release|Any CPU.ActiveCfg = Release|Any CPU
		{E9A62DAC-F366-42B6-9991-AF5B55F6F590}.Release|Any CPU.Build.0 = Release|Any CPU
	EndGlobalSection
	GlobalSection(SolutionProperties) = preSolution
		HideSolutionNode = FALSE
	EndGlobalSection
	GlobalSection(ExtensibilityGlobals) = postSolution
		SolutionGuid = {DE8AAFDD-06D7-4420-AC85-B9173FA9706E}
	EndGlobalSection
EndGlobal
